
Microsoft Visual Studio Solution File, Format Version 12.00
# Visual Studio 14
VisualStudioVersion = 14.0.25123.0
MinimumVisualStudioVersion = 10.0.40219.1
Project("{FAE04EC0-301F-11D3-BF4B-00C04F79EFBC}") = "Snake", "Snake\Snake.csproj", "{03D4F7A1-F60A-42DC-9688-41EDFE5CB204}"
EndProject
Global
	GlobalSection(SolutionConfigurationPlatforms) = preSolution
		Debug|Any CPU = Debug|Any CPU
		Release|Any CPU = Release|Any CPU
	EndGlobalSection
	GlobalSection(ProjectConfigurationPlatforms) = postSolution
		{03D4F7A1-F60A-42DC-9688-41EDFE5CB204}.Debug|Any CPU.ActiveCfg = Debug|Any CPU
		{03D4F7A1-F60A-42DC-9688-41EDFE5CB204}.Debug|Any CPU.Build.0 = Debug|Any CPU
		{03D4F7A1-F60A-42DC-9688-41EDFE5CB204}.Release|Any CPU.ActiveCfg = Release|Any CPU
		{03D4F7A1-F60A-42DC-9688-41EDFE5CB204}.Release|Any CPU.Build.0 = Release|Any CPU
	EndGlobalSection
	GlobalSection(SolutionProperties) = preSolution
		HideSolutionNode = FALSE
	EndGlobalSection
EndGlobal
